
Microsoft Visual Studio Solution File, Format Version 12.00
# Visual Studio Version 17
VisualStudioVersion = 17.3.32819.101
MinimumVisualStudioVersion = 10.0.40219.1
Project("{9A19103F-16F7-4668-BE54-9A1E7A4F7556}") = "OscilloGraph.Test", "OscilloGraph.Test\OscilloGraph.Test.csproj", "{0C5842A8-0B6E-43B5-9984-7511B1BD4617}"
EndProject
Project("{FAE04EC0-301F-11D3-BF4B-00C04F79EFBC}") = "OscilloGraph", "OscilloGraph\OscilloGraph.csproj", "{55D33807-04A4-4726-9927-2209B4D2546F}"
EndProject
Global
	GlobalSection(SolutionConfigurationPlatforms) = preSolution
		Debug|Any CPU = Debug|Any CPU
		Release|Any CPU = Release|Any CPU
	EndGlobalSection
	GlobalSection(ProjectConfigurationPlatforms) = postSolution
		{0C5842A8-0B6E-43B5-9984-7511B1BD4617}.Debug|Any CPU.ActiveCfg = Debug|Any CPU
		{0C5842A8-0B6E-43B5-9984-7511B1BD4617}.Debug|Any CPU.Build.0 = Debug|Any CPU
		{0C5842A8-0B6E-43B5-9984-7511B1BD4617}.Release|Any CPU.ActiveCfg = Release|Any CPU
		{0C5842A8-0B6E-43B5-9984-7511B1BD4617}.Release|Any CPU.Build.0 = Release|Any CPU
		{55D33807-04A4-4726-9927-2209B4D2546F}.Debug|Any CPU.ActiveCfg = Debug|Any CPU
		{55D33807-04A4-4726-9927-2209B4D2546F}.Debug|Any CPU.Build.0 = Debug|Any CPU
		{55D33807-04A4-4726-9927-2209B4D2546F}.Release|Any CPU.ActiveCfg = Release|Any CPU
		{55D33807-04A4-4726-9927-2209B4D2546F}.Release|Any CPU.Build.0 = Release|Any CPU
	EndGlobalSection
	GlobalSection(SolutionProperties) = preSolution
		HideSolutionNode = FALSE
	EndGlobalSection
	GlobalSection(ExtensibilityGlobals) = postSolution
		SolutionGuid = {F81A6CF4-18A6-4558-B005-E2F8E7153C7D}
	EndGlobalSection
EndGlobal
